
Microsoft Visual Studio Solution File, Format Version 12.00
# Visual Studio Version 16
VisualStudioVersion = 16.0.31321.278
MinimumVisualStudioVersion = 10.0.40219.1
Project("{FAE04EC0-301F-11D3-BF4B-00C04F79EFBC}") = "MappingProviderCore", "MappingProviderCore\MappingProviderCore.csproj", "{CF3F9D68-F1F9-4CE5-9352-B55CD56054D6}"
EndProject
Global
	GlobalSection(SolutionConfigurationPlatforms) = preSolution
		Debug|Any CPU = Debug|Any CPU
		Release|Any CPU = Release|Any CPU
	EndGlobalSection
	GlobalSection(ProjectConfigurationPlatforms) = postSolution
		{CF3F9D68-F1F9-4CE5-9352-B55CD56054D6}.Debug|Any CPU.ActiveCfg = Debug|Any CPU
		{CF3F9D68-F1F9-4CE5-9352-B55CD56054D6}.Debug|Any CPU.Build.0 = Debug|Any CPU
		{CF3F9D68-F1F9-4CE5-9352-B55CD56054D6}.Release|Any CPU.ActiveCfg = Release|Any CPU
		{CF3F9D68-F1F9-4CE5-9352-B55CD56054D6}.Release|Any CPU.Build.0 = Release|Any CPU
	EndGlobalSection
	GlobalSection(SolutionProperties) = preSolution
		HideSolutionNode = FALSE
	EndGlobalSection
	GlobalSection(ExtensibilityGlobals) = postSolution
		SolutionGuid = {5648C394-3FF7-4EDC-A79D-4CB81A9B60EA}
	EndGlobalSection
EndGlobal
